
Microsoft Visual Studio Solution File, Format Version 12.00
# Visual Studio Version 16
VisualStudioVersion = 16.0.31729.503
MinimumVisualStudioVersion = 10.0.40219.1
Project("{9A19103F-16F7-4668-BE54-9A1E7A4F7556}") = "ConsoleTestPromotionEngine", "ConsoleTestPromotionEngine\ConsoleTestPromotionEngine.csproj", "{1CD0BC90-8249-4B1B-81E0-A5855AF33B3C}"
EndProject
Project("{FAE04EC0-301F-11D3-BF4B-00C04F79EFBC}") = "ClassForPromotionEngine", "ClassForPromotionEngine\ClassForPromotionEngine.csproj", "{2B5C30C2-4E42-4231-9C9F-4B097F1BA02F}"
EndProject
Project("{FAE04EC0-301F-11D3-BF4B-00C04F79EFBC}") = "UnitTestForPromotionEngine", "UnitTestForPromotionEngine\UnitTestForPromotionEngine.csproj", "{301D8FF8-8403-41B0-BA46-FFD5CDE60ECB}"
EndProject
Global
	GlobalSection(SolutionConfigurationPlatforms) = preSolution
		Debug|Any CPU = Debug|Any CPU
		Release|Any CPU = Release|Any CPU
	EndGlobalSection
	GlobalSection(ProjectConfigurationPlatforms) = postSolution
		{1CD0BC90-8249-4B1B-81E0-A5855AF33B3C}.Debug|Any CPU.ActiveCfg = Debug|Any CPU
		{1CD0BC90-8249-4B1B-81E0-A5855AF33B3C}.Debug|Any CPU.Build.0 = Debug|Any CPU
		{1CD0BC90-8249-4B1B-81E0-A5855AF33B3C}.Release|Any CPU.ActiveCfg = Release|Any CPU
		{1CD0BC90-8249-4B1B-81E0-A5855AF33B3C}.Release|Any CPU.Build.0 = Release|Any CPU
		{2B5C30C2-4E42-4231-9C9F-4B097F1BA02F}.Debug|Any CPU.ActiveCfg = Debug|Any CPU
		{2B5C30C2-4E42-4231-9C9F-4B097F1BA02F}.Debug|Any CPU.Build.0 = Debug|Any CPU
		{2B5C30C2-4E42-4231-9C9F-4B097F1BA02F}.Release|Any CPU.ActiveCfg = Release|Any CPU
		{2B5C30C2-4E42-4231-9C9F-4B097F1BA02F}.Release|Any CPU.Build.0 = Release|Any CPU
		{301D8FF8-8403-41B0-BA46-FFD5CDE60ECB}.Debug|Any CPU.ActiveCfg = Debug|Any CPU
		{301D8FF8-8403-41B0-BA46-FFD5CDE60ECB}.Debug|Any CPU.Build.0 = Debug|Any CPU
		{301D8FF8-8403-41B0-BA46-FFD5CDE60ECB}.Release|Any CPU.ActiveCfg = Release|Any CPU
		{301D8FF8-8403-41B0-BA46-FFD5CDE60ECB}.Release|Any CPU.Build.0 = Release|Any CPU
	EndGlobalSection
	GlobalSection(SolutionProperties) = preSolution
		HideSolutionNode = FALSE
	EndGlobalSection
	GlobalSection(ExtensibilityGlobals) = postSolution
		SolutionGuid = {E444FF86-1A09-4211-8D9E-5FE353713828}
	EndGlobalSection
EndGlobal
